
Microsoft Visual Studio Solution File, Format Version 12.00
# Visual Studio 15
VisualStudioVersion = 15.0.28307.136
MinimumVisualStudioVersion = 10.0.40219.1
Project("{FAE04EC0-301F-11D3-BF4B-00C04F79EFBC}") = "Course02", "Course02\Course02.csproj", "{1018262C-71CC-4CFF-BFDE-0DA2C770367D}"
EndProject
Global
	GlobalSection(SolutionConfigurationPlatforms) = preSolution
		Debug|Any CPU = Debug|Any CPU
		Release|Any CPU = Release|Any CPU
	EndGlobalSection
	GlobalSection(ProjectConfigurationPlatforms) = postSolution
		{1018262C-71CC-4CFF-BFDE-0DA2C770367D}.Debug|Any CPU.ActiveCfg = Debug|Any CPU
		{1018262C-71CC-4CFF-BFDE-0DA2C770367D}.Debug|Any CPU.Build.0 = Debug|Any CPU
		{1018262C-71CC-4CFF-BFDE-0DA2C770367D}.Release|Any CPU.ActiveCfg = Release|Any CPU
		{1018262C-71CC-4CFF-BFDE-0DA2C770367D}.Release|Any CPU.Build.0 = Release|Any CPU
	EndGlobalSection
	GlobalSection(SolutionProperties) = preSolution
		HideSolutionNode = FALSE
	EndGlobalSection
	GlobalSection(ExtensibilityGlobals) = postSolution
		SolutionGuid = {7B8C89D4-842C-459D-8E34-310E30FDC098}
	EndGlobalSection
EndGlobal
