
Microsoft Visual Studio Solution File, Format Version 12.00
# Visual Studio 15
VisualStudioVersion = 15.0.28307.168
MinimumVisualStudioVersion = 10.0.40219.1
Project("{FAE04EC0-301F-11D3-BF4B-00C04F79EFBC}") = "DictionaryInitializer", "DictionaryInitializer\DictionaryInitializer.csproj", "{6CEB1445-308E-47BB-9743-60DCD6591AC2}"
EndProject
Global
	GlobalSection(SolutionConfigurationPlatforms) = preSolution
		Debug|Any CPU = Debug|Any CPU
		Release|Any CPU = Release|Any CPU
	EndGlobalSection
	GlobalSection(ProjectConfigurationPlatforms) = postSolution
		{6CEB1445-308E-47BB-9743-60DCD6591AC2}.Debug|Any CPU.ActiveCfg = Debug|Any CPU
		{6CEB1445-308E-47BB-9743-60DCD6591AC2}.Debug|Any CPU.Build.0 = Debug|Any CPU
		{6CEB1445-308E-47BB-9743-60DCD6591AC2}.Release|Any CPU.ActiveCfg = Release|Any CPU
		{6CEB1445-308E-47BB-9743-60DCD6591AC2}.Release|Any CPU.Build.0 = Release|Any CPU
	EndGlobalSection
	GlobalSection(SolutionProperties) = preSolution
		HideSolutionNode = FALSE
	EndGlobalSection
	GlobalSection(ExtensibilityGlobals) = postSolution
		SolutionGuid = {23E494C7-DAE3-458D-B160-95A29BB55A1B}
	EndGlobalSection
EndGlobal
