
Microsoft Visual Studio Solution File, Format Version 12.00
# Visual Studio 15
VisualStudioVersion = 15.0.28307.168
MinimumVisualStudioVersion = 10.0.40219.1
Project("{FAE04EC0-301F-11D3-BF4B-00C04F79EFBC}") = "xadrez-console", "xadrez-console\xadrez-console.csproj", "{4C800BCB-1951-4313-BF3D-6A46ED2F0B93}"
EndProject
Global
	GlobalSection(SolutionConfigurationPlatforms) = preSolution
		Debug|Any CPU = Debug|Any CPU
		Release|Any CPU = Release|Any CPU
	EndGlobalSection
	GlobalSection(ProjectConfigurationPlatforms) = postSolution
		{4C800BCB-1951-4313-BF3D-6A46ED2F0B93}.Debug|Any CPU.ActiveCfg = Debug|Any CPU
		{4C800BCB-1951-4313-BF3D-6A46ED2F0B93}.Debug|Any CPU.Build.0 = Debug|Any CPU
		{4C800BCB-1951-4313-BF3D-6A46ED2F0B93}.Release|Any CPU.ActiveCfg = Release|Any CPU
		{4C800BCB-1951-4313-BF3D-6A46ED2F0B93}.Release|Any CPU.Build.0 = Release|Any CPU
	EndGlobalSection
	GlobalSection(SolutionProperties) = preSolution
		HideSolutionNode = FALSE
	EndGlobalSection
	GlobalSection(ExtensibilityGlobals) = postSolution
		SolutionGuid = {092905E7-468D-4D99-BD4C-AEF85D84063A}
	EndGlobalSection
EndGlobal
