
Microsoft Visual Studio Solution File, Format Version 12.00
# Visual Studio 15
VisualStudioVersion = 15.0.28307.271
MinimumVisualStudioVersion = 10.0.40219.1
Project("{FAE04EC0-301F-11D3-BF4B-00C04F79EFBC}") = "Interface03", "Interface03\Interface03.csproj", "{F3DEAD5B-DD6F-4359-83C8-E23D1013976A}"
EndProject
Global
	GlobalSection(SolutionConfigurationPlatforms) = preSolution
		Debug|Any CPU = Debug|Any CPU
		Release|Any CPU = Release|Any CPU
	EndGlobalSection
	GlobalSection(ProjectConfigurationPlatforms) = postSolution
		{F3DEAD5B-DD6F-4359-83C8-E23D1013976A}.Debug|Any CPU.ActiveCfg = Debug|Any CPU
		{F3DEAD5B-DD6F-4359-83C8-E23D1013976A}.Debug|Any CPU.Build.0 = Debug|Any CPU
		{F3DEAD5B-DD6F-4359-83C8-E23D1013976A}.Release|Any CPU.ActiveCfg = Release|Any CPU
		{F3DEAD5B-DD6F-4359-83C8-E23D1013976A}.Release|Any CPU.Build.0 = Release|Any CPU
	EndGlobalSection
	GlobalSection(SolutionProperties) = preSolution
		HideSolutionNode = FALSE
	EndGlobalSection
	GlobalSection(ExtensibilityGlobals) = postSolution
		SolutionGuid = {65612DDB-1E10-475E-994E-60D785F1AA70}
	EndGlobalSection
EndGlobal
