
Microsoft Visual Studio Solution File, Format Version 12.00
# Visual Studio 15
VisualStudioVersion = 15.0.28307.168
MinimumVisualStudioVersion = 10.0.40219.1
Project("{FAE04EC0-301F-11D3-BF4B-00C04F79EFBC}") = "ExcpetionFilters", "ExcpetionFilters\ExcpetionFilters.csproj", "{E8FCAE36-F755-404D-ABBF-32572B73CA8D}"
EndProject
Global
	GlobalSection(SolutionConfigurationPlatforms) = preSolution
		Debug|Any CPU = Debug|Any CPU
		Release|Any CPU = Release|Any CPU
	EndGlobalSection
	GlobalSection(ProjectConfigurationPlatforms) = postSolution
		{E8FCAE36-F755-404D-ABBF-32572B73CA8D}.Debug|Any CPU.ActiveCfg = Debug|Any CPU
		{E8FCAE36-F755-404D-ABBF-32572B73CA8D}.Debug|Any CPU.Build.0 = Debug|Any CPU
		{E8FCAE36-F755-404D-ABBF-32572B73CA8D}.Release|Any CPU.ActiveCfg = Release|Any CPU
		{E8FCAE36-F755-404D-ABBF-32572B73CA8D}.Release|Any CPU.Build.0 = Release|Any CPU
	EndGlobalSection
	GlobalSection(SolutionProperties) = preSolution
		HideSolutionNode = FALSE
	EndGlobalSection
	GlobalSection(ExtensibilityGlobals) = postSolution
		SolutionGuid = {4FB139E6-42FB-49BE-87C2-250DC1D02DF4}
	EndGlobalSection
EndGlobal
