
Microsoft Visual Studio Solution File, Format Version 12.00
# Visual Studio 15
VisualStudioVersion = 15.0.28307.168
MinimumVisualStudioVersion = 10.0.40219.1
Project("{FAE04EC0-301F-11D3-BF4B-00C04F79EFBC}") = "Interfaces", "Interfaces\Interfaces.csproj", "{EAD2D7BC-3D46-486A-ADE3-7CA3FC97A23E}"
EndProject
Global
	GlobalSection(SolutionConfigurationPlatforms) = preSolution
		Debug|Any CPU = Debug|Any CPU
		Release|Any CPU = Release|Any CPU
	EndGlobalSection
	GlobalSection(ProjectConfigurationPlatforms) = postSolution
		{EAD2D7BC-3D46-486A-ADE3-7CA3FC97A23E}.Debug|Any CPU.ActiveCfg = Debug|Any CPU
		{EAD2D7BC-3D46-486A-ADE3-7CA3FC97A23E}.Debug|Any CPU.Build.0 = Debug|Any CPU
		{EAD2D7BC-3D46-486A-ADE3-7CA3FC97A23E}.Release|Any CPU.ActiveCfg = Release|Any CPU
		{EAD2D7BC-3D46-486A-ADE3-7CA3FC97A23E}.Release|Any CPU.Build.0 = Release|Any CPU
	EndGlobalSection
	GlobalSection(SolutionProperties) = preSolution
		HideSolutionNode = FALSE
	EndGlobalSection
	GlobalSection(ExtensibilityGlobals) = postSolution
		SolutionGuid = {D0B61F60-6CA7-4627-8479-58F18F8CFAF1}
	EndGlobalSection
EndGlobal
