
Microsoft Visual Studio Solution File, Format Version 12.00
# Visual Studio 15
VisualStudioVersion = 15.0.28307.168
MinimumVisualStudioVersion = 10.0.40219.1
Project("{FAE04EC0-301F-11D3-BF4B-00C04F79EFBC}") = "ClassesAbstratas", "ClassesAbstratas\ClassesAbstratas.csproj", "{7328B2AB-3935-45AC-B4B8-9A3A0681E6F0}"
EndProject
Project("{FAE04EC0-301F-11D3-BF4B-00C04F79EFBC}") = "ClassesAbstratas01", "..\ClassesAbstratas01\ClassesAbstratas01.csproj", "{756E0449-8CBC-4DAD-9885-D5FDD922CE7B}"
EndProject
Project("{FAE04EC0-301F-11D3-BF4B-00C04F79EFBC}") = "ClassesAbstratasExercicios", "..\ClassesAbstratasExercicios\ClassesAbstratasExercicios.csproj", "{D3B17459-9332-4CD7-BC16-D881DAF52818}"
EndProject
Global
	GlobalSection(SolutionConfigurationPlatforms) = preSolution
		Debug|Any CPU = Debug|Any CPU
		Release|Any CPU = Release|Any CPU
	EndGlobalSection
	GlobalSection(ProjectConfigurationPlatforms) = postSolution
		{7328B2AB-3935-45AC-B4B8-9A3A0681E6F0}.Debug|Any CPU.ActiveCfg = Debug|Any CPU
		{7328B2AB-3935-45AC-B4B8-9A3A0681E6F0}.Debug|Any CPU.Build.0 = Debug|Any CPU
		{7328B2AB-3935-45AC-B4B8-9A3A0681E6F0}.Release|Any CPU.ActiveCfg = Release|Any CPU
		{7328B2AB-3935-45AC-B4B8-9A3A0681E6F0}.Release|Any CPU.Build.0 = Release|Any CPU
		{756E0449-8CBC-4DAD-9885-D5FDD922CE7B}.Debug|Any CPU.ActiveCfg = Debug|Any CPU
		{756E0449-8CBC-4DAD-9885-D5FDD922CE7B}.Debug|Any CPU.Build.0 = Debug|Any CPU
		{756E0449-8CBC-4DAD-9885-D5FDD922CE7B}.Release|Any CPU.ActiveCfg = Release|Any CPU
		{756E0449-8CBC-4DAD-9885-D5FDD922CE7B}.Release|Any CPU.Build.0 = Release|Any CPU
		{D3B17459-9332-4CD7-BC16-D881DAF52818}.Debug|Any CPU.ActiveCfg = Debug|Any CPU
		{D3B17459-9332-4CD7-BC16-D881DAF52818}.Debug|Any CPU.Build.0 = Debug|Any CPU
		{D3B17459-9332-4CD7-BC16-D881DAF52818}.Release|Any CPU.ActiveCfg = Release|Any CPU
		{D3B17459-9332-4CD7-BC16-D881DAF52818}.Release|Any CPU.Build.0 = Release|Any CPU
	EndGlobalSection
	GlobalSection(SolutionProperties) = preSolution
		HideSolutionNode = FALSE
	EndGlobalSection
	GlobalSection(ExtensibilityGlobals) = postSolution
		SolutionGuid = {BFF1FB1A-83D7-414B-8218-4E7DE60C4D5E}
	EndGlobalSection
EndGlobal
