
Microsoft Visual Studio Solution File, Format Version 12.00
# Visual Studio 15
VisualStudioVersion = 15.0.28307.168
MinimumVisualStudioVersion = 10.0.40219.1
Project("{FAE04EC0-301F-11D3-BF4B-00C04F79EFBC}") = "Composition02", "Composition02\Composition02.csproj", "{E06113F9-579D-4570-BA71-F0179C62D99F}"
EndProject
Global
	GlobalSection(SolutionConfigurationPlatforms) = preSolution
		Debug|Any CPU = Debug|Any CPU
		Release|Any CPU = Release|Any CPU
	EndGlobalSection
	GlobalSection(ProjectConfigurationPlatforms) = postSolution
		{E06113F9-579D-4570-BA71-F0179C62D99F}.Debug|Any CPU.ActiveCfg = Debug|Any CPU
		{E06113F9-579D-4570-BA71-F0179C62D99F}.Debug|Any CPU.Build.0 = Debug|Any CPU
		{E06113F9-579D-4570-BA71-F0179C62D99F}.Release|Any CPU.ActiveCfg = Release|Any CPU
		{E06113F9-579D-4570-BA71-F0179C62D99F}.Release|Any CPU.Build.0 = Release|Any CPU
	EndGlobalSection
	GlobalSection(SolutionProperties) = preSolution
		HideSolutionNode = FALSE
	EndGlobalSection
	GlobalSection(ExtensibilityGlobals) = postSolution
		SolutionGuid = {3A777FDE-817F-432E-AE3C-AA056664455C}
	EndGlobalSection
EndGlobal
