
Microsoft Visual Studio Solution File, Format Version 12.00
# Visual Studio 15
VisualStudioVersion = 15.0.28307.136
MinimumVisualStudioVersion = 10.0.40219.1
Project("{FAE04EC0-301F-11D3-BF4B-00C04F79EFBC}") = "Generics02", "Generics02\Generics02.csproj", "{F143DF59-5BCE-488B-B2EA-4BE3AD2B4EAB}"
EndProject
Global
	GlobalSection(SolutionConfigurationPlatforms) = preSolution
		Debug|Any CPU = Debug|Any CPU
		Release|Any CPU = Release|Any CPU
	EndGlobalSection
	GlobalSection(ProjectConfigurationPlatforms) = postSolution
		{F143DF59-5BCE-488B-B2EA-4BE3AD2B4EAB}.Debug|Any CPU.ActiveCfg = Debug|Any CPU
		{F143DF59-5BCE-488B-B2EA-4BE3AD2B4EAB}.Debug|Any CPU.Build.0 = Debug|Any CPU
		{F143DF59-5BCE-488B-B2EA-4BE3AD2B4EAB}.Release|Any CPU.ActiveCfg = Release|Any CPU
		{F143DF59-5BCE-488B-B2EA-4BE3AD2B4EAB}.Release|Any CPU.Build.0 = Release|Any CPU
	EndGlobalSection
	GlobalSection(SolutionProperties) = preSolution
		HideSolutionNode = FALSE
	EndGlobalSection
	GlobalSection(ExtensibilityGlobals) = postSolution
		SolutionGuid = {249CAD5B-356D-4CE5-8B6B-111589725E30}
	EndGlobalSection
EndGlobal
