
Microsoft Visual Studio Solution File, Format Version 12.00
# Visual Studio 15
VisualStudioVersion = 15.0.28307.136
MinimumVisualStudioVersion = 10.0.40219.1
Project("{FAE04EC0-301F-11D3-BF4B-00C04F79EFBC}") = "TiposEstaticos", "TiposEstaticos\TiposEstaticos.csproj", "{C6EB07BB-383D-42DB-99EF-F744B715DAE6}"
EndProject
Global
	GlobalSection(SolutionConfigurationPlatforms) = preSolution
		Debug|Any CPU = Debug|Any CPU
		Release|Any CPU = Release|Any CPU
	EndGlobalSection
	GlobalSection(ProjectConfigurationPlatforms) = postSolution
		{C6EB07BB-383D-42DB-99EF-F744B715DAE6}.Debug|Any CPU.ActiveCfg = Debug|Any CPU
		{C6EB07BB-383D-42DB-99EF-F744B715DAE6}.Debug|Any CPU.Build.0 = Debug|Any CPU
		{C6EB07BB-383D-42DB-99EF-F744B715DAE6}.Release|Any CPU.ActiveCfg = Release|Any CPU
		{C6EB07BB-383D-42DB-99EF-F744B715DAE6}.Release|Any CPU.Build.0 = Release|Any CPU
	EndGlobalSection
	GlobalSection(SolutionProperties) = preSolution
		HideSolutionNode = FALSE
	EndGlobalSection
	GlobalSection(ExtensibilityGlobals) = postSolution
		SolutionGuid = {34A4F214-9228-447C-92EF-919BCD68C28A}
	EndGlobalSection
EndGlobal
